
Microsoft Visual Studio Solution File, Format Version 12.00
# Visual Studio Version 16
VisualStudioVersion = 16.0.30114.105
MinimumVisualStudioVersion = 10.0.40219.1
Project("{8BC9CEB8-8B4A-11D0-8D11-00A0C91BC942}") = "kakao_past_problems", "kakao_past_problems\kakao_past_problems.vcxproj", "{E2ACD45A-E3FD-42D6-8A32-8577EFB33B27}"
EndProject
Global
	GlobalSection(SolutionConfigurationPlatforms) = preSolution
		Debug|x64 = Debug|x64
		Debug|x86 = Debug|x86
		Release|x64 = Release|x64
		Release|x86 = Release|x86
	EndGlobalSection
	GlobalSection(ProjectConfigurationPlatforms) = postSolution
		{E2ACD45A-E3FD-42D6-8A32-8577EFB33B27}.Debug|x64.ActiveCfg = Debug|x64
		{E2ACD45A-E3FD-42D6-8A32-8577EFB33B27}.Debug|x64.Build.0 = Debug|x64
		{E2ACD45A-E3FD-42D6-8A32-8577EFB33B27}.Debug|x86.ActiveCfg = Debug|Win32
		{E2ACD45A-E3FD-42D6-8A32-8577EFB33B27}.Debug|x86.Build.0 = Debug|Win32
		{E2ACD45A-E3FD-42D6-8A32-8577EFB33B27}.Release|x64.ActiveCfg = Release|x64
		{E2ACD45A-E3FD-42D6-8A32-8577EFB33B27}.Release|x64.Build.0 = Release|x64
		{E2ACD45A-E3FD-42D6-8A32-8577EFB33B27}.Release|x86.ActiveCfg = Release|Win32
		{E2ACD45A-E3FD-42D6-8A32-8577EFB33B27}.Release|x86.Build.0 = Release|Win32
	EndGlobalSection
	GlobalSection(SolutionProperties) = preSolution
		HideSolutionNode = FALSE
	EndGlobalSection
	GlobalSection(ExtensibilityGlobals) = postSolution
		SolutionGuid = {7B396046-CF05-4455-9F99-ADCA6B19DDBA}
	EndGlobalSection
EndGlobal
